
Microsoft Visual Studio Solution File, Format Version 12.00
Project("{FAE04EC0-301F-11D3-BF4B-00C04F79EFBC}") = "Labo1", "Labo1\Labo1.csproj", "{DBC7422A-01F2-4BEF-9F68-B4F90DA51023}"
EndProject
Global
	GlobalSection(SolutionConfigurationPlatforms) = preSolution
		Debug|Any CPU = Debug|Any CPU
		Release|Any CPU = Release|Any CPU
	EndGlobalSection
	GlobalSection(ProjectConfigurationPlatforms) = postSolution
		{DBC7422A-01F2-4BEF-9F68-B4F90DA51023}.Debug|Any CPU.ActiveCfg = Debug|Any CPU
		{DBC7422A-01F2-4BEF-9F68-B4F90DA51023}.Debug|Any CPU.Build.0 = Debug|Any CPU
		{DBC7422A-01F2-4BEF-9F68-B4F90DA51023}.Release|Any CPU.ActiveCfg = Release|Any CPU
		{DBC7422A-01F2-4BEF-9F68-B4F90DA51023}.Release|Any CPU.Build.0 = Release|Any CPU
	EndGlobalSection
EndGlobal
